{
  "name": "utilities",
  "version": "0.0.1",
  "lockfileVersion": 2,
  "requires": true,
  "packages": {
    "": {
      "name": "utilities",
      "version": "0.0.1",
      "license": "AGPL-3.0",
      "dependencies": {
        "lodash": "4.17.21"
      },
      "devDependencies": {
        "csvtojson": "2.0.8"
      }
    },
    "node_modules/bluebird": {
      "version": "3.7.2",
      "dev": true,
      "license": "MIT"
    },
    "node_modules/csvtojson": {
      "version": "2.0.8",
      "dev": true,
      "license": "MIT",
      "dependencies": {
        "bluebird": "^3.5.1",
        "lodash": "^4.17.3",
        "strip-bom": "^2.0.0"
      },
      "bin": {
        "csvtojson": "bin/csvtojson"
      },
      "engines": {
        "node": ">=4.0.0"
      }
    },
    "node_modules/is-utf8": {
      "version": "0.2.1",
      "dev": true,
      "license": "MIT"
    },
    "node_modules/lodash": {
      "version": "4.17.21",
      "resolved": "https://registry.npmjs.org/lodash/-/lodash-4.17.21.tgz",
      "integrity": "sha512-v2kDEe57lecTulaDIuNTPy3Ry4gLGJ6Z1O3vE1krgXZNrsQ+LFTGHVxVjcXPs17LhbZVGedAJv8XZ1tvj5FvSg=="
    },
    "node_modules/strip-bom": {
      "version": "2.0.0",
      "dev": true,
      "license": "MIT",
      "dependencies": {
        "is-utf8": "^0.2.0"
      },
      "engines": {
        "node": ">=0.10.0"
      }
    }
  },
  "dependencies": {
    "bluebird": {
      "version": "3.7.2",
      "dev": true
    },
    "csvtojson": {
      "version": "2.0.8",
      "dev": true,
      "requires": {
        "bluebird": "^3.5.1",
        "lodash": "^4.17.3",
        "strip-bom": "^2.0.0"
      }
    },
    "is-utf8": {
      "version": "0.2.1",
      "dev": true
    },
    "lodash": {
      "version": "4.17.21",
      "resolved": "https://registry.npmjs.org/lodash/-/lodash-4.17.21.tgz",
      "integrity": "sha512-v2kDEe57lecTulaDIuNTPy3Ry4gLGJ6Z1O3vE1krgXZNrsQ+LFTGHVxVjcXPs17LhbZVGedAJv8XZ1tvj5FvSg=="
    },
    "strip-bom": {
      "version": "2.0.0",
      "dev": true,
      "requires": {
        "is-utf8": "^0.2.0"
      }
    }
  }
}
