{
  "name": "unminify",
  "version": "0.0.1",
  "lockfileVersion": 2,
  "requires": true,
  "packages": {
    "": {
      "name": "unminify",
      "version": "0.0.1",
      "license": "AGPL-3.0",
      "dependencies": {
        "source-map": "0.5.7"
      }
    },
    "node_modules/source-map": {
      "version": "0.5.7",
      "license": "BSD-3-Clause",
      "engines": {
        "node": ">=0.10.0"
      }
    }
  },
  "dependencies": {
    "source-map": {
      "version": "0.5.7"
    }
  }
}
